// !$*UTF8*$!
{
	archiveVersion = 1;
	classes = {
	};
	objectVersion = 46;
	objects = {

/* Begin PBXBuildFile section */
		8421551419C59C5500231A02 /* Foundation.framework in Frameworks */ = {isa = PBXBuildFile; fileRef = 8421551319C59C5500231A02 /* Foundation.framework */; };
		8421551619C59C5500231A02 /* CoreGraphics.framework in Frameworks */ = {isa = PBXBuildFile; fileRef = 8421551519C59C5500231A02 /* CoreGraphics.framework */; };
		8421551819C59C5500231A02 /* UIKit.framework in Frameworks */ = {isa = PBXBuildFile; fileRef = 8421551719C59C5500231A02 /* UIKit.framework */; };
		8421553619C59C5600231A02 /* XCTest.framework in Frameworks */ = {isa = PBXBuildFile; fileRef = 8421553519C59C5600231A02 /* XCTest.framework */; };
		8421553719C59C5600231A02 /* Foundation.framework in Frameworks */ = {isa = PBXBuildFile; fileRef = 8421551319C59C5500231A02 /* Foundation.framework */; };
		8421553819C59C5600231A02 /* UIKit.framework in Frameworks */ = {isa = PBXBuildFile; fileRef = 8421551719C59C5500231A02 /* UIKit.framework */; };
		8421554019C59C5600231A02 /* InfoPlist.strings in Resources */ = {isa = PBXBuildFile; fileRef = 8421553E19C59C5600231A02 /* InfoPlist.strings */; };
		8421554219C59C5600231A02 /* DZTilesTests.m in Sources */ = {isa = PBXBuildFile; fileRef = 8421554119C59C5600231A02 /* DZTilesTests.m */; };
		8484DE6D19C5D8A4006F7137 /* RFQuiltLayout.m in Sources */ = {isa = PBXBuildFile; fileRef = 8484DE6C19C5D8A4006F7137 /* RFQuiltLayout.m */; };
		8484DE7B19C5F890006F7137 /* LSCollectionViewHelper.m in Sources */ = {isa = PBXBuildFile; fileRef = 8484DE7119C5F890006F7137 /* LSCollectionViewHelper.m */; };
		8484DE7C19C5F890006F7137 /* LSCollectionViewLayoutHelper.m in Sources */ = {isa = PBXBuildFile; fileRef = 8484DE7319C5F890006F7137 /* LSCollectionViewLayoutHelper.m */; };
		8484DE7D19C5F890006F7137 /* DraggableCollectionViewFlowLayout.m in Sources */ = {isa = PBXBuildFile; fileRef = 8484DE7619C5F890006F7137 /* DraggableCollectionViewFlowLayout.m */; };
		8484DE7E19C5F890006F7137 /* UICollectionView+Draggable.m in Sources */ = {isa = PBXBuildFile; fileRef = 8484DE7819C5F890006F7137 /* UICollectionView+Draggable.m */; };
		8484DE8119C5F89E006F7137 /* DSQuiltLayoutDraggable.m in Sources */ = {isa = PBXBuildFile; fileRef = 8484DE8019C5F89E006F7137 /* DSQuiltLayoutDraggable.m */; };
		925EB9CA19C7152F000B6D3A /* AppDelegate.m in Sources */ = {isa = PBXBuildFile; fileRef = 925EB9BB19C7152F000B6D3A /* AppDelegate.m */; };
		925EB9CB19C7152F000B6D3A /* Main_iPad.storyboard in Resources */ = {isa = PBXBuildFile; fileRef = 925EB9BC19C7152F000B6D3A /* Main_iPad.storyboard */; };
		925EB9CC19C7152F000B6D3A /* Main_iPhone.storyboard in Resources */ = {isa = PBXBuildFile; fileRef = 925EB9BE19C7152F000B6D3A /* Main_iPhone.storyboard */; };
		925EB9CF19C7152F000B6D3A /* InfoPlist.strings in Resources */ = {isa = PBXBuildFile; fileRef = 925EB9C419C7152F000B6D3A /* InfoPlist.strings */; };
		925EB9D019C7152F000B6D3A /* Images.xcassets in Resources */ = {isa = PBXBuildFile; fileRef = 925EB9C619C7152F000B6D3A /* Images.xcassets */; };
		925EB9D119C7152F000B6D3A /* main.m in Sources */ = {isa = PBXBuildFile; fileRef = 925EB9C719C7152F000B6D3A /* main.m */; };
		925EB9D219C7152F000B6D3A /* ViewController.m in Sources */ = {isa = PBXBuildFile; fileRef = 925EB9C919C7152F000B6D3A /* ViewController.m */; };
		925EB9DD19C71570000B6D3A /* DZTileCollectionViewCell.m in Sources */ = {isa = PBXBuildFile; fileRef = 925EB9D519C71570000B6D3A /* DZTileCollectionViewCell.m */; };
		925EB9DE19C71570000B6D3A /* DZTilesSection.m in Sources */ = {isa = PBXBuildFile; fileRef = 925EB9D819C71570000B6D3A /* DZTilesSection.m */; };
		925EB9DF19C71570000B6D3A /* DZTilesViewController.m in Sources */ = {isa = PBXBuildFile; fileRef = 925EB9DA19C71570000B6D3A /* DZTilesViewController.m */; };
		925EB9E019C71570000B6D3A /* DZTileTransformationHelper.m in Sources */ = {isa = PBXBuildFile; fileRef = 925EB9DC19C71570000B6D3A /* DZTileTransformationHelper.m */; };
		925EB9E319C71805000B6D3A /* DZTile.m in Sources */ = {isa = PBXBuildFile; fileRef = 925EB9E219C71805000B6D3A /* DZTile.m */; };
/* End PBXBuildFile section */

/* Begin PBXContainerItemProxy section */
		8421553919C59C5600231A02 /* PBXContainerItemProxy */ = {
			isa = PBXContainerItemProxy;
			containerPortal = 8421550819C59C5500231A02 /* Project object */;
			proxyType = 1;
			remoteGlobalIDString = 8421550F19C59C5500231A02;
			remoteInfo = DZTiles;
		};
/* End PBXContainerItemProxy section */

/* Begin PBXFileReference section */
		8421551019C59C5500231A02 /* DZTiles.app */ = {isa = PBXFileReference; explicitFileType = wrapper.application; includeInIndex = 0; path = DZTiles.app; sourceTree = BUILT_PRODUCTS_DIR; };
		8421551319C59C5500231A02 /* Foundation.framework */ = {isa = PBXFileReference; lastKnownFileType = wrapper.framework; name = Foundation.framework; path = System/Library/Frameworks/Foundation.framework; sourceTree = SDKROOT; };
		8421551519C59C5500231A02 /* CoreGraphics.framework */ = {isa = PBXFileReference; lastKnownFileType = wrapper.framework; name = CoreGraphics.framework; path = System/Library/Frameworks/CoreGraphics.framework; sourceTree = SDKROOT; };
		8421551719C59C5500231A02 /* UIKit.framework */ = {isa = PBXFileReference; lastKnownFileType = wrapper.framework; name = UIKit.framework; path = System/Library/Frameworks/UIKit.framework; sourceTree = SDKROOT; };
		8421553419C59C5600231A02 /* DZTilesTests.xctest */ = {isa = PBXFileReference; explicitFileType = wrapper.cfbundle; includeInIndex = 0; path = DZTilesTests.xctest; sourceTree = BUILT_PRODUCTS_DIR; };
		8421553519C59C5600231A02 /* XCTest.framework */ = {isa = PBXFileReference; lastKnownFileType = wrapper.framework; name = XCTest.framework; path = Library/Frameworks/XCTest.framework; sourceTree = DEVELOPER_DIR; };
		8421553D19C59C5600231A02 /* DZTilesTests-Info.plist */ = {isa = PBXFileReference; lastKnownFileType = text.plist.xml; path = "DZTilesTests-Info.plist"; sourceTree = "<group>"; };
		8421553F19C59C5600231A02 /* en */ = {isa = PBXFileReference; lastKnownFileType = text.plist.strings; name = en; path = en.lproj/InfoPlist.strings; sourceTree = "<group>"; };
		8421554119C59C5600231A02 /* DZTilesTests.m */ = {isa = PBXFileReference; lastKnownFileType = sourcecode.c.objc; path = DZTilesTests.m; sourceTree = "<group>"; };
		8484DE6B19C5D8A4006F7137 /* RFQuiltLayout.h */ = {isa = PBXFileReference; fileEncoding = 4; lastKnownFileType = sourcecode.c.h; path = RFQuiltLayout.h; sourceTree = "<group>"; };
		8484DE6C19C5D8A4006F7137 /* RFQuiltLayout.m */ = {isa = PBXFileReference; fileEncoding = 4; lastKnownFileType = sourcecode.c.objc; path = RFQuiltLayout.m; sourceTree = "<group>"; };
		8484DE7019C5F890006F7137 /* LSCollectionViewHelper.h */ = {isa = PBXFileReference; fileEncoding = 4; lastKnownFileType = sourcecode.c.h; path = LSCollectionViewHelper.h; sourceTree = "<group>"; };
		8484DE7119C5F890006F7137 /* LSCollectionViewHelper.m */ = {isa = PBXFileReference; fileEncoding = 4; lastKnownFileType = sourcecode.c.objc; path = LSCollectionViewHelper.m; sourceTree = "<group>"; };
		8484DE7219C5F890006F7137 /* LSCollectionViewLayoutHelper.h */ = {isa = PBXFileReference; fileEncoding = 4; lastKnownFileType = sourcecode.c.h; path = LSCollectionViewLayoutHelper.h; sourceTree = "<group>"; };
		8484DE7319C5F890006F7137 /* LSCollectionViewLayoutHelper.m */ = {isa = PBXFileReference; fileEncoding = 4; lastKnownFileType = sourcecode.c.objc; path = LSCollectionViewLayoutHelper.m; sourceTree = "<group>"; };
		8484DE7519C5F890006F7137 /* DraggableCollectionViewFlowLayout.h */ = {isa = PBXFileReference; fileEncoding = 4; lastKnownFileType = sourcecode.c.h; path = DraggableCollectionViewFlowLayout.h; sourceTree = "<group>"; };
		8484DE7619C5F890006F7137 /* DraggableCollectionViewFlowLayout.m */ = {isa = PBXFileReference; fileEncoding = 4; lastKnownFileType = sourcecode.c.objc; path = DraggableCollectionViewFlowLayout.m; sourceTree = "<group>"; };
		8484DE7719C5F890006F7137 /* UICollectionView+Draggable.h */ = {isa = PBXFileReference; fileEncoding = 4; lastKnownFileType = sourcecode.c.h; path = "UICollectionView+Draggable.h"; sourceTree = "<group>"; };
		8484DE7819C5F890006F7137 /* UICollectionView+Draggable.m */ = {isa = PBXFileReference; fileEncoding = 4; lastKnownFileType = sourcecode.c.objc; path = "UICollectionView+Draggable.m"; sourceTree = "<group>"; };
		8484DE7919C5F890006F7137 /* UICollectionViewDataSource_Draggable.h */ = {isa = PBXFileReference; fileEncoding = 4; lastKnownFileType = sourcecode.c.h; path = UICollectionViewDataSource_Draggable.h; sourceTree = "<group>"; };
		8484DE7A19C5F890006F7137 /* UICollectionViewLayout_Warpable.h */ = {isa = PBXFileReference; fileEncoding = 4; lastKnownFileType = sourcecode.c.h; path = UICollectionViewLayout_Warpable.h; sourceTree = "<group>"; };
		8484DE7F19C5F89E006F7137 /* DSQuiltLayoutDraggable.h */ = {isa = PBXFileReference; fileEncoding = 4; lastKnownFileType = sourcecode.c.h; path = DSQuiltLayoutDraggable.h; sourceTree = "<group>"; };
		8484DE8019C5F89E006F7137 /* DSQuiltLayoutDraggable.m */ = {isa = PBXFileReference; fileEncoding = 4; lastKnownFileType = sourcecode.c.objc; path = DSQuiltLayoutDraggable.m; sourceTree = "<group>"; };
		925EB9BA19C7152F000B6D3A /* AppDelegate.h */ = {isa = PBXFileReference; fileEncoding = 4; lastKnownFileType = sourcecode.c.h; path = AppDelegate.h; sourceTree = "<group>"; };
		925EB9BB19C7152F000B6D3A /* AppDelegate.m */ = {isa = PBXFileReference; fileEncoding = 4; lastKnownFileType = sourcecode.c.objc; path = AppDelegate.m; sourceTree = "<group>"; };
		925EB9BD19C7152F000B6D3A /* Base */ = {isa = PBXFileReference; lastKnownFileType = file.storyboard; name = Base; path = Base.lproj/Main_iPad.storyboard; sourceTree = "<group>"; };
		925EB9BF19C7152F000B6D3A /* Base */ = {isa = PBXFileReference; lastKnownFileType = file.storyboard; name = Base; path = Base.lproj/Main_iPhone.storyboard; sourceTree = "<group>"; };
		925EB9C219C7152F000B6D3A /* DZTiles-Info.plist */ = {isa = PBXFileReference; fileEncoding = 4; lastKnownFileType = text.plist.xml; path = "DZTiles-Info.plist"; sourceTree = "<group>"; };
		925EB9C319C7152F000B6D3A /* DZTiles-Prefix.pch */ = {isa = PBXFileReference; fileEncoding = 4; lastKnownFileType = sourcecode.c.h; path = "DZTiles-Prefix.pch"; sourceTree = "<group>"; };
		925EB9C519C7152F000B6D3A /* en */ = {isa = PBXFileReference; lastKnownFileType = text.plist.strings; name = en; path = en.lproj/InfoPlist.strings; sourceTree = "<group>"; };
		925EB9C619C7152F000B6D3A /* Images.xcassets */ = {isa = PBXFileReference; lastKnownFileType = folder.assetcatalog; path = Images.xcassets; sourceTree = "<group>"; };
		925EB9C719C7152F000B6D3A /* main.m */ = {isa = PBXFileReference; fileEncoding = 4; lastKnownFileType = sourcecode.c.objc; path = main.m; sourceTree = "<group>"; };
		925EB9C819C7152F000B6D3A /* ViewController.h */ = {isa = PBXFileReference; fileEncoding = 4; lastKnownFileType = sourcecode.c.h; path = ViewController.h; sourceTree = "<group>"; };
		925EB9C919C7152F000B6D3A /* ViewController.m */ = {isa = PBXFileReference; fileEncoding = 4; lastKnownFileType = sourcecode.c.objc; path = ViewController.m; sourceTree = "<group>"; };
		925EB9D419C71570000B6D3A /* DZTileCollectionViewCell.h */ = {isa = PBXFileReference; fileEncoding = 4; lastKnownFileType = sourcecode.c.h; path = DZTileCollectionViewCell.h; sourceTree = "<group>"; };
		925EB9D519C71570000B6D3A /* DZTileCollectionViewCell.m */ = {isa = PBXFileReference; fileEncoding = 4; lastKnownFileType = sourcecode.c.objc; path = DZTileCollectionViewCell.m; sourceTree = "<group>"; };
		925EB9D619C71570000B6D3A /* DZTiles.h */ = {isa = PBXFileReference; fileEncoding = 4; lastKnownFileType = sourcecode.c.h; path = DZTiles.h; sourceTree = "<group>"; };
		925EB9D719C71570000B6D3A /* DZTilesSection.h */ = {isa = PBXFileReference; fileEncoding = 4; lastKnownFileType = sourcecode.c.h; path = DZTilesSection.h; sourceTree = "<group>"; };
		925EB9D819C71570000B6D3A /* DZTilesSection.m */ = {isa = PBXFileReference; fileEncoding = 4; lastKnownFileType = sourcecode.c.objc; path = DZTilesSection.m; sourceTree = "<group>"; };
		925EB9D919C71570000B6D3A /* DZTilesViewController.h */ = {isa = PBXFileReference; fileEncoding = 4; lastKnownFileType = sourcecode.c.h; path = DZTilesViewController.h; sourceTree = "<group>"; };
		925EB9DA19C71570000B6D3A /* DZTilesViewController.m */ = {isa = PBXFileReference; fileEncoding = 4; lastKnownFileType = sourcecode.c.objc; path = DZTilesViewController.m; sourceTree = "<group>"; };
		925EB9DB19C71570000B6D3A /* DZTileTransformationHelper.h */ = {isa = PBXFileReference; fileEncoding = 4; lastKnownFileType = sourcecode.c.h; path = DZTileTransformationHelper.h; sourceTree = "<group>"; };
		925EB9DC19C71570000B6D3A /* DZTileTransformationHelper.m */ = {isa = PBXFileReference; fileEncoding = 4; lastKnownFileType = sourcecode.c.objc; path = DZTileTransformationHelper.m; sourceTree = "<group>"; };
		925EB9E119C71805000B6D3A /* DZTile.h */ = {isa = PBXFileReference; fileEncoding = 4; lastKnownFileType = sourcecode.c.h; path = DZTile.h; sourceTree = "<group>"; };
		925EB9E219C71805000B6D3A /* DZTile.m */ = {isa = PBXFileReference; fileEncoding = 4; lastKnownFileType = sourcecode.c.objc; path = DZTile.m; sourceTree = "<group>"; };
/* End PBXFileReference section */

/* Begin PBXFrameworksBuildPhase section */
		8421550D19C59C5500231A02 /* Frameworks */ = {
			isa = PBXFrameworksBuildPhase;
			buildActionMask = 2147483647;
			files = (
				8421551619C59C5500231A02 /* CoreGraphics.framework in Frameworks */,
				8421551819C59C5500231A02 /* UIKit.framework in Frameworks */,
				8421551419C59C5500231A02 /* Foundation.framework in Frameworks */,
			);
			runOnlyForDeploymentPostprocessing = 0;
		};
		8421553119C59C5600231A02 /* Frameworks */ = {
			isa = PBXFrameworksBuildPhase;
			buildActionMask = 2147483647;
			files = (
				8421553619C59C5600231A02 /* XCTest.framework in Frameworks */,
				8421553819C59C5600231A02 /* UIKit.framework in Frameworks */,
				8421553719C59C5600231A02 /* Foundation.framework in Frameworks */,
			);
			runOnlyForDeploymentPostprocessing = 0;
		};
/* End PBXFrameworksBuildPhase section */

/* Begin PBXGroup section */
		8421550719C59C5500231A02 = {
			isa = PBXGroup;
			children = (
				925EB9D319C71570000B6D3A /* DZTiles */,
				8484DE6E19C5F890006F7137 /* DraggableCollectionView */,
				8484DE6A19C5D8A4006F7137 /* RFQuiltLayout */,
				925EB9B919C7152F000B6D3A /* Demo */,
				8421553B19C59C5600231A02 /* DZTilesTests */,
				8421551219C59C5500231A02 /* Frameworks */,
				8421551119C59C5500231A02 /* Products */,
			);
			sourceTree = "<group>";
		};
		8421551119C59C5500231A02 /* Products */ = {
			isa = PBXGroup;
			children = (
				8421551019C59C5500231A02 /* DZTiles.app */,
				8421553419C59C5600231A02 /* DZTilesTests.xctest */,
			);
			name = Products;
			sourceTree = "<group>";
		};
		8421551219C59C5500231A02 /* Frameworks */ = {
			isa = PBXGroup;
			children = (
				8421551319C59C5500231A02 /* Foundation.framework */,
				8421551519C59C5500231A02 /* CoreGraphics.framework */,
				8421551719C59C5500231A02 /* UIKit.framework */,
				8421553519C59C5600231A02 /* XCTest.framework */,
			);
			name = Frameworks;
			sourceTree = "<group>";
		};
		8421553B19C59C5600231A02 /* DZTilesTests */ = {
			isa = PBXGroup;
			children = (
				8421554119C59C5600231A02 /* DZTilesTests.m */,
				8421553C19C59C5600231A02 /* Supporting Files */,
			);
			path = DZTilesTests;
			sourceTree = "<group>";
		};
		8421553C19C59C5600231A02 /* Supporting Files */ = {
			isa = PBXGroup;
			children = (
				8421553D19C59C5600231A02 /* DZTilesTests-Info.plist */,
				8421553E19C59C5600231A02 /* InfoPlist.strings */,
			);
			name = "Supporting Files";
			sourceTree = "<group>";
		};
		8484DE6A19C5D8A4006F7137 /* RFQuiltLayout */ = {
			isa = PBXGroup;
			children = (
				8484DE7F19C5F89E006F7137 /* DSQuiltLayoutDraggable.h */,
				8484DE8019C5F89E006F7137 /* DSQuiltLayoutDraggable.m */,
				8484DE6B19C5D8A4006F7137 /* RFQuiltLayout.h */,
				8484DE6C19C5D8A4006F7137 /* RFQuiltLayout.m */,
			);
			path = RFQuiltLayout;
			sourceTree = "<group>";
		};
		8484DE6E19C5F890006F7137 /* DraggableCollectionView */ = {
			isa = PBXGroup;
			children = (
				8484DE6F19C5F890006F7137 /* Helpers */,
				8484DE7419C5F890006F7137 /* Layout */,
				8484DE7719C5F890006F7137 /* UICollectionView+Draggable.h */,
				8484DE7819C5F890006F7137 /* UICollectionView+Draggable.m */,
				8484DE7919C5F890006F7137 /* UICollectionViewDataSource_Draggable.h */,
				8484DE7A19C5F890006F7137 /* UICollectionViewLayout_Warpable.h */,
			);
			path = DraggableCollectionView;
			sourceTree = "<group>";
		};
		8484DE6F19C5F890006F7137 /* Helpers */ = {
			isa = PBXGroup;
			children = (
				8484DE7019C5F890006F7137 /* LSCollectionViewHelper.h */,
				8484DE7119C5F890006F7137 /* LSCollectionViewHelper.m */,
				8484DE7219C5F890006F7137 /* LSCollectionViewLayoutHelper.h */,
				8484DE7319C5F890006F7137 /* LSCollectionViewLayoutHelper.m */,
			);
			path = Helpers;
			sourceTree = "<group>";
		};
		8484DE7419C5F890006F7137 /* Layout */ = {
			isa = PBXGroup;
			children = (
				8484DE7519C5F890006F7137 /* DraggableCollectionViewFlowLayout.h */,
				8484DE7619C5F890006F7137 /* DraggableCollectionViewFlowLayout.m */,
			);
			path = Layout;
			sourceTree = "<group>";
		};
		925EB9B919C7152F000B6D3A /* Demo */ = {
			isa = PBXGroup;
			children = (
				925EB9BA19C7152F000B6D3A /* AppDelegate.h */,
				925EB9BB19C7152F000B6D3A /* AppDelegate.m */,
				925EB9BC19C7152F000B6D3A /* Main_iPad.storyboard */,
				925EB9BE19C7152F000B6D3A /* Main_iPhone.storyboard */,
				925EB9C219C7152F000B6D3A /* DZTiles-Info.plist */,
				925EB9C319C7152F000B6D3A /* DZTiles-Prefix.pch */,
				925EB9C419C7152F000B6D3A /* InfoPlist.strings */,
				925EB9C619C7152F000B6D3A /* Images.xcassets */,
				925EB9C719C7152F000B6D3A /* main.m */,
				925EB9C819C7152F000B6D3A /* ViewController.h */,
				925EB9C919C7152F000B6D3A /* ViewController.m */,
			);
			path = Demo;
			sourceTree = "<group>";
		};
		925EB9D319C71570000B6D3A /* DZTiles */ = {
			isa = PBXGroup;
			children = (
				925EB9D619C71570000B6D3A /* DZTiles.h */,
				925EB9D919C71570000B6D3A /* DZTilesViewController.h */,
				925EB9DA19C71570000B6D3A /* DZTilesViewController.m */,
				925EB9D719C71570000B6D3A /* DZTilesSection.h */,
				925EB9D819C71570000B6D3A /* DZTilesSection.m */,
				925EB9E119C71805000B6D3A /* DZTile.h */,
				925EB9E219C71805000B6D3A /* DZTile.m */,
				925EB9D419C71570000B6D3A /* DZTileCollectionViewCell.h */,
				925EB9D519C71570000B6D3A /* DZTileCollectionViewCell.m */,
				925EB9DB19C71570000B6D3A /* DZTileTransformationHelper.h */,
				925EB9DC19C71570000B6D3A /* DZTileTransformationHelper.m */,
			);
			path = DZTiles;
			sourceTree = "<group>";
		};
/* End PBXGroup section */

/* Begin PBXNativeTarget section */
		8421550F19C59C5500231A02 /* DZTiles */ = {
			isa = PBXNativeTarget;
			buildConfigurationList = 8421554519C59C5600231A02 /* Build configuration list for PBXNativeTarget "DZTiles" */;
			buildPhases = (
				8421550C19C59C5500231A02 /* Sources */,
				8421550D19C59C5500231A02 /* Frameworks */,
				8421550E19C59C5500231A02 /* Resources */,
			);
			buildRules = (
			);
			dependencies = (
			);
			name = DZTiles;
			productName = DZTiles;
			productReference = 8421551019C59C5500231A02 /* DZTiles.app */;
			productType = "com.apple.product-type.application";
		};
		8421553319C59C5600231A02 /* DZTilesTests */ = {
			isa = PBXNativeTarget;
			buildConfigurationList = 8421554819C59C5600231A02 /* Build configuration list for PBXNativeTarget "DZTilesTests" */;
			buildPhases = (
				8421553019C59C5600231A02 /* Sources */,
				8421553119C59C5600231A02 /* Frameworks */,
				8421553219C59C5600231A02 /* Resources */,
			);
			buildRules = (
			);
			dependencies = (
				8421553A19C59C5600231A02 /* PBXTargetDependency */,
			);
			name = DZTilesTests;
			productName = DZTilesTests;
			productReference = 8421553419C59C5600231A02 /* DZTilesTests.xctest */;
			productType = "com.apple.product-type.bundle.unit-test";
		};
/* End PBXNativeTarget section */

/* Begin PBXProject section */
		8421550819C59C5500231A02 /* Project object */ = {
			isa = PBXProject;
			attributes = {
				LastUpgradeCheck = 0510;
				ORGANIZATIONNAME = dzamataev;
				TargetAttributes = {
					8421553319C59C5600231A02 = {
						TestTargetID = 8421550F19C59C5500231A02;
					};
				};
			};
			buildConfigurationList = 8421550B19C59C5500231A02 /* Build configuration list for PBXProject "DZTiles" */;
			compatibilityVersion = "Xcode 3.2";
			developmentRegion = English;
			hasScannedForEncodings = 0;
			knownRegions = (
				en,
				Base,
			);
			mainGroup = 8421550719C59C5500231A02;
			productRefGroup = 8421551119C59C5500231A02 /* Products */;
			projectDirPath = "";
			projectRoot = "";
			targets = (
				8421550F19C59C5500231A02 /* DZTiles */,
				8421553319C59C5600231A02 /* DZTilesTests */,
			);
		};
/* End PBXProject section */

/* Begin PBXResourcesBuildPhase section */
		8421550E19C59C5500231A02 /* Resources */ = {
			isa = PBXResourcesBuildPhase;
			buildActionMask = 2147483647;
			files = (
				925EB9CC19C7152F000B6D3A /* Main_iPhone.storyboard in Resources */,
				925EB9D019C7152F000B6D3A /* Images.xcassets in Resources */,
				925EB9CF19C7152F000B6D3A /* InfoPlist.strings in Resources */,
				925EB9CB19C7152F000B6D3A /* Main_iPad.storyboard in Resources */,
			);
			runOnlyForDeploymentPostprocessing = 0;
		};
		8421553219C59C5600231A02 /* Resources */ = {
			isa = PBXResourcesBuildPhase;
			buildActionMask = 2147483647;
			files = (
				8421554019C59C5600231A02 /* InfoPlist.strings in Resources */,
			);
			runOnlyForDeploymentPostprocessing = 0;
		};
/* End PBXResourcesBuildPhase section */

/* Begin PBXSourcesBuildPhase section */
		8421550C19C59C5500231A02 /* Sources */ = {
			isa = PBXSourcesBuildPhase;
			buildActionMask = 2147483647;
			files = (
				925EB9E019C71570000B6D3A /* DZTileTransformationHelper.m in Sources */,
				925EB9D219C7152F000B6D3A /* ViewController.m in Sources */,
				925EB9D119C7152F000B6D3A /* main.m in Sources */,
				925EB9CA19C7152F000B6D3A /* AppDelegate.m in Sources */,
				925EB9DD19C71570000B6D3A /* DZTileCollectionViewCell.m in Sources */,
				925EB9DF19C71570000B6D3A /* DZTilesViewController.m in Sources */,
				8484DE8119C5F89E006F7137 /* DSQuiltLayoutDraggable.m in Sources */,
				925EB9E319C71805000B6D3A /* DZTile.m in Sources */,
				8484DE7E19C5F890006F7137 /* UICollectionView+Draggable.m in Sources */,
				925EB9DE19C71570000B6D3A /* DZTilesSection.m in Sources */,
				8484DE7B19C5F890006F7137 /* LSCollectionViewHelper.m in Sources */,
				8484DE7D19C5F890006F7137 /* DraggableCollectionViewFlowLayout.m in Sources */,
				8484DE6D19C5D8A4006F7137 /* RFQuiltLayout.m in Sources */,
				8484DE7C19C5F890006F7137 /* LSCollectionViewLayoutHelper.m in Sources */,
			);
			runOnlyForDeploymentPostprocessing = 0;
		};
		8421553019C59C5600231A02 /* Sources */ = {
			isa = PBXSourcesBuildPhase;
			buildActionMask = 2147483647;
			files = (
				8421554219C59C5600231A02 /* DZTilesTests.m in Sources */,
			);
			runOnlyForDeploymentPostprocessing = 0;
		};
/* End PBXSourcesBuildPhase section */

/* Begin PBXTargetDependency section */
		8421553A19C59C5600231A02 /* PBXTargetDependency */ = {
			isa = PBXTargetDependency;
			target = 8421550F19C59C5500231A02 /* DZTiles */;
			targetProxy = 8421553919C59C5600231A02 /* PBXContainerItemProxy */;
		};
/* End PBXTargetDependency section */

/* Begin PBXVariantGroup section */
		8421553E19C59C5600231A02 /* InfoPlist.strings */ = {
			isa = PBXVariantGroup;
			children = (
				8421553F19C59C5600231A02 /* en */,
			);
			name = InfoPlist.strings;
			sourceTree = "<group>";
		};
		925EB9BC19C7152F000B6D3A /* Main_iPad.storyboard */ = {
			isa = PBXVariantGroup;
			children = (
				925EB9BD19C7152F000B6D3A /* Base */,
			);
			name = Main_iPad.storyboard;
			sourceTree = "<group>";
		};
		925EB9BE19C7152F000B6D3A /* Main_iPhone.storyboard */ = {
			isa = PBXVariantGroup;
			children = (
				925EB9BF19C7152F000B6D3A /* Base */,
			);
			name = Main_iPhone.storyboard;
			sourceTree = "<group>";
		};
		925EB9C419C7152F000B6D3A /* InfoPlist.strings */ = {
			isa = PBXVariantGroup;
			children = (
				925EB9C519C7152F000B6D3A /* en */,
			);
			name = InfoPlist.strings;
			sourceTree = "<group>";
		};
/* End PBXVariantGroup section */

/* Begin XCBuildConfiguration section */
		8421554319C59C5600231A02 /* Debug */ = {
			isa = XCBuildConfiguration;
			buildSettings = {
				ALWAYS_SEARCH_USER_PATHS = NO;
				CLANG_CXX_LANGUAGE_STANDARD = "gnu++0x";
				CLANG_CXX_LIBRARY = "libc++";
				CLANG_ENABLE_MODULES = YES;
				CLANG_ENABLE_OBJC_ARC = YES;
				CLANG_WARN_BOOL_CONVERSION = YES;
				CLANG_WARN_CONSTANT_CONVERSION = YES;
				CLANG_WARN_DIRECT_OBJC_ISA_USAGE = YES_ERROR;
				CLANG_WARN_EMPTY_BODY = YES;
				CLANG_WARN_ENUM_CONVERSION = YES;
				CLANG_WARN_INT_CONVERSION = YES;
				CLANG_WARN_OBJC_ROOT_CLASS = YES_ERROR;
				CLANG_WARN__DUPLICATE_METHOD_MATCH = YES;
				"CODE_SIGN_IDENTITY[sdk=iphoneos*]" = "iPhone Developer";
				COPY_PHASE_STRIP = NO;
				GCC_C_LANGUAGE_STANDARD = gnu99;
				GCC_DYNAMIC_NO_PIC = NO;
				GCC_OPTIMIZATION_LEVEL = 0;
				GCC_PREPROCESSOR_DEFINITIONS = (
					"DEBUG=1",
					"$(inherited)",
				);
				GCC_SYMBOLS_PRIVATE_EXTERN = NO;
				GCC_WARN_64_TO_32_BIT_CONVERSION = YES;
				GCC_WARN_ABOUT_RETURN_TYPE = YES_ERROR;
				GCC_WARN_UNDECLARED_SELECTOR = YES;
				GCC_WARN_UNINITIALIZED_AUTOS = YES_AGGRESSIVE;
				GCC_WARN_UNUSED_FUNCTION = YES;
				GCC_WARN_UNUSED_VARIABLE = YES;
				IPHONEOS_DEPLOYMENT_TARGET = 7.1;
				ONLY_ACTIVE_ARCH = YES;
				SDKROOT = iphoneos;
				TARGETED_DEVICE_FAMILY = "1,2";
			};
			name = Debug;
		};
		8421554419C59C5600231A02 /* Release */ = {
			isa = XCBuildConfiguration;
			buildSettings = {
				ALWAYS_SEARCH_USER_PATHS = NO;
				CLANG_CXX_LANGUAGE_STANDARD = "gnu++0x";
				CLANG_CXX_LIBRARY = "libc++";
				CLANG_ENABLE_MODULES = YES;
				CLANG_ENABLE_OBJC_ARC = YES;
				CLANG_WARN_BOOL_CONVERSION = YES;
				CLANG_WARN_CONSTANT_CONVERSION = YES;
				CLANG_WARN_DIRECT_OBJC_ISA_USAGE = YES_ERROR;
				CLANG_WARN_EMPTY_BODY = YES;
				CLANG_WARN_ENUM_CONVERSION = YES;
				CLANG_WARN_INT_CONVERSION = YES;
				CLANG_WARN_OBJC_ROOT_CLASS = YES_ERROR;
				CLANG_WARN__DUPLICATE_METHOD_MATCH = YES;
				"CODE_SIGN_IDENTITY[sdk=iphoneos*]" = "iPhone Developer";
				COPY_PHASE_STRIP = YES;
				ENABLE_NS_ASSERTIONS = NO;
				GCC_C_LANGUAGE_STANDARD = gnu99;
				GCC_WARN_64_TO_32_BIT_CONVERSION = YES;
				GCC_WARN_ABOUT_RETURN_TYPE = YES_ERROR;
				GCC_WARN_UNDECLARED_SELECTOR = YES;
				GCC_WARN_UNINITIALIZED_AUTOS = YES_AGGRESSIVE;
				GCC_WARN_UNUSED_FUNCTION = YES;
				GCC_WARN_UNUSED_VARIABLE = YES;
				IPHONEOS_DEPLOYMENT_TARGET = 7.1;
				SDKROOT = iphoneos;
				TARGETED_DEVICE_FAMILY = "1,2";
				VALIDATE_PRODUCT = YES;
			};
			name = Release;
		};
		8421554619C59C5600231A02 /* Debug */ = {
			isa = XCBuildConfiguration;
			buildSettings = {
				ASSETCATALOG_COMPILER_APPICON_NAME = AppIcon;
				ASSETCATALOG_COMPILER_LAUNCHIMAGE_NAME = LaunchImage;
				GCC_PRECOMPILE_PREFIX_HEADER = YES;
				GCC_PREFIX_HEADER = "Demo/DZTiles-Prefix.pch";
				INFOPLIST_FILE = "$(SRCROOT)/Demo/DZTiles-Info.plist";
				PRODUCT_NAME = "$(TARGET_NAME)";
				WRAPPER_EXTENSION = app;
			};
			name = Debug;
		};
		8421554719C59C5600231A02 /* Release */ = {
			isa = XCBuildConfiguration;
			buildSettings = {
				ASSETCATALOG_COMPILER_APPICON_NAME = AppIcon;
				ASSETCATALOG_COMPILER_LAUNCHIMAGE_NAME = LaunchImage;
				GCC_PRECOMPILE_PREFIX_HEADER = YES;
				GCC_PREFIX_HEADER = "Demo/DZTiles-Prefix.pch";
				INFOPLIST_FILE = "$(SRCROOT)/Demo/DZTiles-Info.plist";
				PRODUCT_NAME = "$(TARGET_NAME)";
				WRAPPER_EXTENSION = app;
			};
			name = Release;
		};
		8421554919C59C5600231A02 /* Debug */ = {
			isa = XCBuildConfiguration;
			buildSettings = {
				BUNDLE_LOADER = "$(BUILT_PRODUCTS_DIR)/DZTiles.app/DZTiles";
				FRAMEWORK_SEARCH_PATHS = (
					"$(SDKROOT)/Developer/Library/Frameworks",
					"$(inherited)",
					"$(DEVELOPER_FRAMEWORKS_DIR)",
				);
				GCC_PRECOMPILE_PREFIX_HEADER = YES;
				GCC_PREFIX_HEADER = "DZTiles/DZTiles-Prefix.pch";
				GCC_PREPROCESSOR_DEFINITIONS = (
					"DEBUG=1",
					"$(inherited)",
				);
				INFOPLIST_FILE = "DZTilesTests/DZTilesTests-Info.plist";
				PRODUCT_NAME = "$(TARGET_NAME)";
				TEST_HOST = "$(BUNDLE_LOADER)";
				WRAPPER_EXTENSION = xctest;
			};
			name = Debug;
		};
		8421554A19C59C5600231A02 /* Release */ = {
			isa = XCBuildConfiguration;
			buildSettings = {
				BUNDLE_LOADER = "$(BUILT_PRODUCTS_DIR)/DZTiles.app/DZTiles";
				FRAMEWORK_SEARCH_PATHS = (
					"$(SDKROOT)/Developer/Library/Frameworks",
					"$(inherited)",
					"$(DEVELOPER_FRAMEWORKS_DIR)",
				);
				GCC_PRECOMPILE_PREFIX_HEADER = YES;
				GCC_PREFIX_HEADER = "DZTiles/DZTiles-Prefix.pch";
				INFOPLIST_FILE = "DZTilesTests/DZTilesTests-Info.plist";
				PRODUCT_NAME = "$(TARGET_NAME)";
				TEST_HOST = "$(BUNDLE_LOADER)";
				WRAPPER_EXTENSION = xctest;
			};
			name = Release;
		};
/* End XCBuildConfiguration section */

/* Begin XCConfigurationList section */
		8421550B19C59C5500231A02 /* Build configuration list for PBXProject "DZTiles" */ = {
			isa = XCConfigurationList;
			buildConfigurations = (
				8421554319C59C5600231A02 /* Debug */,
				8421554419C59C5600231A02 /* Release */,
			);
			defaultConfigurationIsVisible = 0;
			defaultConfigurationName = Release;
		};
		8421554519C59C5600231A02 /* Build configuration list for PBXNativeTarget "DZTiles" */ = {
			isa = XCConfigurationList;
			buildConfigurations = (
				8421554619C59C5600231A02 /* Debug */,
				8421554719C59C5600231A02 /* Release */,
			);
			defaultConfigurationIsVisible = 0;
			defaultConfigurationName = Release;
		};
		8421554819C59C5600231A02 /* Build configuration list for PBXNativeTarget "DZTilesTests" */ = {
			isa = XCConfigurationList;
			buildConfigurations = (
				8421554919C59C5600231A02 /* Debug */,
				8421554A19C59C5600231A02 /* Release */,
			);
			defaultConfigurationIsVisible = 0;
			defaultConfigurationName = Release;
		};
/* End XCConfigurationList section */
	};
	rootObject = 8421550819C59C5500231A02 /* Project object */;
}
